
Microsoft Visual Studio Solution File, Format Version 12.00
# Visual Studio Version 16
VisualStudioVersion = 16.0.29009.5
MinimumVisualStudioVersion = 10.0.40219.1
Project("{FAE04EC0-301F-11D3-BF4B-00C04F79EFBC}") = "ConsoleFig", "ConsoleFig\ConsoleFig.csproj", "{2AC91A3B-9082-426A-A071-3C16DF81587D}"
EndProject
Global
	GlobalSection(SolutionConfigurationPlatforms) = preSolution
		Debug|Any CPU = Debug|Any CPU
		Release|Any CPU = Release|Any CPU
	EndGlobalSection
	GlobalSection(ProjectConfigurationPlatforms) = postSolution
		{2AC91A3B-9082-426A-A071-3C16DF81587D}.Debug|Any CPU.ActiveCfg = Debug|Any CPU
		{2AC91A3B-9082-426A-A071-3C16DF81587D}.Debug|Any CPU.Build.0 = Debug|Any CPU
		{2AC91A3B-9082-426A-A071-3C16DF81587D}.Release|Any CPU.ActiveCfg = Release|Any CPU
		{2AC91A3B-9082-426A-A071-3C16DF81587D}.Release|Any CPU.Build.0 = Release|Any CPU
	EndGlobalSection
	GlobalSection(SolutionProperties) = preSolution
		HideSolutionNode = FALSE
	EndGlobalSection
	GlobalSection(ExtensibilityGlobals) = postSolution
		SolutionGuid = {028F2284-8969-4562-9D04-C479F3E223BE}
	EndGlobalSection
EndGlobal
